// !$*UTF8*$!
{
	archiveVersion = 1;
	classes = {
	};
	objectVersion = 56;
	objects = {

/* Begin PBXBuildFile section */
		A11111111111111111111111 /* GardenManagerApp.swift in Sources */ = {isa = PBXBuildFile; fileRef = A22222222222222222222222 /* GardenManagerApp.swift */; };
		A33333333333333333333333 /* ContentView.swift in Sources */ = {isa = PBXBuildFile; fileRef = A44444444444444444444444 /* ContentView.swift */; };
		A55555555555555555555555 /* Assets.xcassets in Resources */ = {isa = PBXBuildFile; fileRef = A66666666666666666666666 /* Assets.xcassets */; };
		A77777777777777777777777 /* Tool.swift in Sources */ = {isa = PBXBuildFile; fileRef = A88888888888888888888888 /* Tool.swift */; };
		A99999999999999999999999 /* ToolService.swift in Sources */ = {isa = PBXBuildFile; fileRef = AAA000000000000000000000 /* ToolService.swift */; };
		ABB111111111111111111111 /* ToolParameterSheet.swift in Sources */ = {isa = PBXBuildFile; fileRef = ACC222222222222222222222 /* ToolParameterSheet.swift */; };
		CC2D86EC2F0A4A3E00EA33F5 /* MotionGraphsView.swift in Sources */ = {isa = PBXBuildFile; fileRef = CC2D86EB2F0A4A3E00EA33F5 /* MotionGraphsView.swift */; };
		DDD111111111111111111111 /* SpeechRecognizer.swift in Sources */ = {isa = PBXBuildFile; fileRef = DDD222222222222222222222 /* SpeechRecognizer.swift */; };
		EEE111111111111111111111 /* CommandParser.swift in Sources */ = {isa = PBXBuildFile; fileRef = EEE222222222222222222222 /* CommandParser.swift */; };
		FFF111111111111111111111 /* Podcast.swift in Sources */ = {isa = PBXBuildFile; fileRef = FFF222222222222222222222 /* Podcast.swift */; };
		GGG111111111111111111111 /* RSSFeedParser.swift in Sources */ = {isa = PBXBuildFile; fileRef = GGG222222222222222222222 /* RSSFeedParser.swift */; };
		HHH111111111111111111111 /* AudioPlayerService.swift in Sources */ = {isa = PBXBuildFile; fileRef = HHH222222222222222222222 /* AudioPlayerService.swift */; };
		III111111111111111111111 /* PodcastListView.swift in Sources */ = {isa = PBXBuildFile; fileRef = III222222222222222222222 /* PodcastListView.swift */; };
		JJJ111111111111111111111 /* EpisodeListView.swift in Sources */ = {isa = PBXBuildFile; fileRef = JJJ222222222222222222222 /* EpisodeListView.swift */; };
		KKK111111111111111111111 /* MiniPlayerView.swift in Sources */ = {isa = PBXBuildFile; fileRef = KKK222222222222222222222 /* MiniPlayerView.swift */; };
		MMM111111111111111111111 /* DownloadManager.swift in Sources */ = {isa = PBXBuildFile; fileRef = MMM222222222222222222222 /* DownloadManager.swift */; };
		MOT111111111111111111111 /* MotionTracker.swift in Sources */ = {isa = PBXBuildFile; fileRef = MOT222222222222222222222 /* MotionTracker.swift */; };
		MOT333333333333333333333 /* MotionStatusView.swift in Sources */ = {isa = PBXBuildFile; fileRef = MOT444444444444444444444 /* MotionStatusView.swift */; };
		MOT555555555555555555555 /* MotionAudioCoordinator.swift in Sources */ = {isa = PBXBuildFile; fileRef = MOT666666666666666666666 /* MotionAudioCoordinator.swift */; };
		MOTAAA111111111111111111 /* MotionEvent.swift in Sources */ = {isa = PBXBuildFile; fileRef = MOT888888888888888888888 /* MotionEvent.swift */; };
		MOTBBB111111111111111111 /* MotionTabContainerView.swift in Sources */ = {isa = PBXBuildFile; fileRef = MOT999999999999999999999 /* MotionTabContainerView.swift */; };
		NNN111111111111111111111 /* DownloadsView.swift in Sources */ = {isa = PBXBuildFile; fileRef = NNN222222222222222222222 /* DownloadsView.swift */; };
		OOO111111111111111111111 /* AppDelegate.swift in Sources */ = {isa = PBXBuildFile; fileRef = OOO222222222222222222222 /* AppDelegate.swift */; };
		PPP999999999999999999999 /* PodcastItemView.swift in Sources */ = {isa = PBXBuildFile; fileRef = QQQ111111111111111111111 /* PodcastItemView.swift */; };
		VIS222222222222222222222 /* VisionService.swift in Sources */ = {isa = PBXBuildFile; fileRef = VIS111111111111111111111 /* VisionService.swift */; };
		TXT222222222222222222222 /* TextProcessingService.swift in Sources */ = {isa = PBXBuildFile; fileRef = TXT111111111111111111111 /* TextProcessingService.swift */; };
		IMG222222222222222222222 /* ImagePodcastImportView.swift in Sources */ = {isa = PBXBuildFile; fileRef = IMG111111111111111111111 /* ImagePodcastImportView.swift */; };
		IMV222222222222222222222 /* ImagePodcastImportViewModel.swift in Sources */ = {isa = PBXBuildFile; fileRef = IMV111111111111111111111 /* ImagePodcastImportViewModel.swift */; };
		SRCH22222222222222222222 /* PodcastSearchResult.swift in Sources */ = {isa = PBXBuildFile; fileRef = SRCH11111111111111111111 /* PodcastSearchResult.swift */; };
		SRVC22222222222222222222 /* PodcastSearchService.swift in Sources */ = {isa = PBXBuildFile; fileRef = SRVC11111111111111111111 /* PodcastSearchService.swift */; };
		VIS333333333333333333333 /* Vision.framework in Frameworks */ = {isa = PBXBuildFile; fileRef = VIS444444444444444444444 /* Vision.framework */; };
		PHO333333333333333333333 /* PhotosUI.framework in Frameworks */ = {isa = PBXBuildFile; fileRef = PHO444444444444444444444 /* PhotosUI.framework */; };
/* End PBXBuildFile section */

/* Begin PBXFileReference section */
		A22222222222222222222222 /* GardenManagerApp.swift */ = {isa = PBXFileReference; lastKnownFileType = sourcecode.swift; path = GardenManagerApp.swift; sourceTree = "<group>"; };
		A44444444444444444444444 /* ContentView.swift */ = {isa = PBXFileReference; lastKnownFileType = sourcecode.swift; path = ContentView.swift; sourceTree = "<group>"; };
		A66666666666666666666666 /* Assets.xcassets */ = {isa = PBXFileReference; lastKnownFileType = folder.assetcatalog; path = Assets.xcassets; sourceTree = "<group>"; };
		A88888888888888888888888 /* Tool.swift */ = {isa = PBXFileReference; lastKnownFileType = sourcecode.swift; path = Tool.swift; sourceTree = "<group>"; };
		AAA000000000000000000000 /* ToolService.swift */ = {isa = PBXFileReference; lastKnownFileType = sourcecode.swift; path = ToolService.swift; sourceTree = "<group>"; };
		ACC222222222222222222222 /* ToolParameterSheet.swift */ = {isa = PBXFileReference; lastKnownFileType = sourcecode.swift; path = ToolParameterSheet.swift; sourceTree = "<group>"; };
		ADD333333333333333333333 /* GardenManager.app */ = {isa = PBXFileReference; explicitFileType = wrapper.application; includeInIndex = 0; path = GardenManager.app; sourceTree = BUILT_PRODUCTS_DIR; };
		CC2D86EB2F0A4A3E00EA33F5 /* MotionGraphsView.swift */ = {isa = PBXFileReference; lastKnownFileType = sourcecode.swift; path = MotionGraphsView.swift; sourceTree = "<group>"; };
		CCAAF83E2F082CA100D14C0E /* Info.plist */ = {isa = PBXFileReference; lastKnownFileType = text.plist; path = Info.plist; sourceTree = "<group>"; };
		DDD222222222222222222222 /* SpeechRecognizer.swift */ = {isa = PBXFileReference; lastKnownFileType = sourcecode.swift; path = SpeechRecognizer.swift; sourceTree = "<group>"; };
		EEE222222222222222222222 /* CommandParser.swift */ = {isa = PBXFileReference; lastKnownFileType = sourcecode.swift; path = CommandParser.swift; sourceTree = "<group>"; };
		FFF222222222222222222222 /* Podcast.swift */ = {isa = PBXFileReference; lastKnownFileType = sourcecode.swift; path = Podcast.swift; sourceTree = "<group>"; };
		GGG222222222222222222222 /* RSSFeedParser.swift */ = {isa = PBXFileReference; lastKnownFileType = sourcecode.swift; path = RSSFeedParser.swift; sourceTree = "<group>"; };
		HHH222222222222222222222 /* AudioPlayerService.swift */ = {isa = PBXFileReference; lastKnownFileType = sourcecode.swift; path = AudioPlayerService.swift; sourceTree = "<group>"; };
		III222222222222222222222 /* PodcastListView.swift */ = {isa = PBXFileReference; lastKnownFileType = sourcecode.swift; path = PodcastListView.swift; sourceTree = "<group>"; };
		JJJ222222222222222222222 /* EpisodeListView.swift */ = {isa = PBXFileReference; lastKnownFileType = sourcecode.swift; path = EpisodeListView.swift; sourceTree = "<group>"; };
		KKK222222222222222222222 /* MiniPlayerView.swift */ = {isa = PBXFileReference; lastKnownFileType = sourcecode.swift; path = MiniPlayerView.swift; sourceTree = "<group>"; };
		MMM222222222222222222222 /* DownloadManager.swift */ = {isa = PBXFileReference; lastKnownFileType = sourcecode.swift; path = DownloadManager.swift; sourceTree = "<group>"; };
		MOT222222222222222222222 /* MotionTracker.swift */ = {isa = PBXFileReference; lastKnownFileType = sourcecode.swift; path = MotionTracker.swift; sourceTree = "<group>"; };
		MOT444444444444444444444 /* MotionStatusView.swift */ = {isa = PBXFileReference; lastKnownFileType = sourcecode.swift; path = MotionStatusView.swift; sourceTree = "<group>"; };
		MOT666666666666666666666 /* MotionAudioCoordinator.swift */ = {isa = PBXFileReference; lastKnownFileType = sourcecode.swift; path = MotionAudioCoordinator.swift; sourceTree = "<group>"; };
		MOT888888888888888888888 /* MotionEvent.swift */ = {isa = PBXFileReference; lastKnownFileType = sourcecode.swift; path = MotionEvent.swift; sourceTree = "<group>"; };
		MOT999999999999999999999 /* MotionTabContainerView.swift */ = {isa = PBXFileReference; lastKnownFileType = sourcecode.swift; path = MotionTabContainerView.swift; sourceTree = "<group>"; };
		NNN222222222222222222222 /* DownloadsView.swift */ = {isa = PBXFileReference; lastKnownFileType = sourcecode.swift; path = DownloadsView.swift; sourceTree = "<group>"; };
		OOO222222222222222222222 /* AppDelegate.swift */ = {isa = PBXFileReference; lastKnownFileType = sourcecode.swift; path = AppDelegate.swift; sourceTree = "<group>"; };
		QQQ111111111111111111111 /* PodcastItemView.swift */ = {isa = PBXFileReference; lastKnownFileType = sourcecode.swift; path = PodcastItemView.swift; sourceTree = "<group>"; };
		SRCH11111111111111111111 /* PodcastSearchResult.swift */ = {isa = PBXFileReference; lastKnownFileType = sourcecode.swift; path = PodcastSearchResult.swift; sourceTree = "<group>"; };
		SRVC11111111111111111111 /* PodcastSearchService.swift */ = {isa = PBXFileReference; lastKnownFileType = sourcecode.swift; path = PodcastSearchService.swift; sourceTree = "<group>"; };
		VIS111111111111111111111 /* VisionService.swift */ = {isa = PBXFileReference; lastKnownFileType = sourcecode.swift; path = VisionService.swift; sourceTree = "<group>"; };
		TXT111111111111111111111 /* TextProcessingService.swift */ = {isa = PBXFileReference; lastKnownFileType = sourcecode.swift; path = TextProcessingService.swift; sourceTree = "<group>"; };
		IMG111111111111111111111 /* ImagePodcastImportView.swift */ = {isa = PBXFileReference; lastKnownFileType = sourcecode.swift; path = ImagePodcastImportView.swift; sourceTree = "<group>"; };
		IMV111111111111111111111 /* ImagePodcastImportViewModel.swift */ = {isa = PBXFileReference; lastKnownFileType = sourcecode.swift; path = ImagePodcastImportViewModel.swift; sourceTree = "<group>"; };
		VIS444444444444444444444 /* Vision.framework */ = {isa = PBXFileReference; lastKnownFileType = wrapper.framework; name = Vision.framework; path = System/Library/Frameworks/Vision.framework; sourceTree = SDKROOT; };
		PHO444444444444444444444 /* PhotosUI.framework */ = {isa = PBXFileReference; lastKnownFileType = wrapper.framework; name = PhotosUI.framework; path = System/Library/Frameworks/PhotosUI.framework; sourceTree = SDKROOT; };
/* End PBXFileReference section */

/* Begin PBXFrameworksBuildPhase section */
		AEE444444444444444444444 /* Frameworks */ = {
			isa = PBXFrameworksBuildPhase;
			buildActionMask = 2147483647;
			files = (
				VIS333333333333333333333 /* Vision.framework in Frameworks */,
				PHO333333333333333333333 /* PhotosUI.framework in Frameworks */,
			);
			runOnlyForDeploymentPostprocessing = 0;
		};
/* End PBXFrameworksBuildPhase section */

/* Begin PBXGroup section */
		AFF555555555555555555555 = {
			isa = PBXGroup;
			children = (
				B00666666666666666666666 /* GardenManager */,
				B11777777777777777777777 /* Products */,
			);
			sourceTree = "<group>";
		};
		B00666666666666666666666 /* GardenManager */ = {
			isa = PBXGroup;
			children = (
				CCAAF83E2F082CA100D14C0E /* Info.plist */,
				A22222222222222222222222 /* GardenManagerApp.swift */,
				OOO222222222222222222222 /* AppDelegate.swift */,
				MOTDDD111111111111111111 /* Motion */,
				PPP111111111111111111111 /* Podcasts */,
				PPP222222222222222222222 /* Tools */,
				A66666666666666666666666 /* Assets.xcassets */,
			);
			path = GardenManager;
			sourceTree = "<group>";
		};
		B11777777777777777777777 /* Products */ = {
			isa = PBXGroup;
			children = (
				ADD333333333333333333333 /* GardenManager.app */,
			);
			name = Products;
			sourceTree = "<group>";
		};
		MOTAAA222222222222222222 /* Models */ = {
			isa = PBXGroup;
			children = (
				MOT888888888888888888888 /* MotionEvent.swift */,
			);
			path = Models;
			sourceTree = "<group>";
		};
		MOTBBB222222222222222222 /* Views */ = {
			isa = PBXGroup;
			children = (
				CC2D86EB2F0A4A3E00EA33F5 /* MotionGraphsView.swift */,
				MOT444444444444444444444 /* MotionStatusView.swift */,
				MOT999999999999999999999 /* MotionTabContainerView.swift */,
			);
			path = Views;
			sourceTree = "<group>";
		};
		MOTCCC222222222222222222 /* Services */ = {
			isa = PBXGroup;
			children = (
				MOT222222222222222222222 /* MotionTracker.swift */,
				MOT666666666666666666666 /* MotionAudioCoordinator.swift */,
			);
			path = Services;
			sourceTree = "<group>";
		};
		MOTDDD111111111111111111 /* Motion */ = {
			isa = PBXGroup;
			children = (
				MOTAAA222222222222222222 /* Models */,
				MOTCCC222222222222222222 /* Services */,
				MOTBBB222222222222222222 /* Views */,
			);
			path = Motion;
			sourceTree = "<group>";
		};
		PPP111111111111111111111 /* Podcasts */ = {
			isa = PBXGroup;
			children = (
				PPP333333333333333333333 /* Views */,
				PPP444444444444444444444 /* Models */,
				PPP555555555555555555555 /* Services */,
			);
			path = Podcasts;
			sourceTree = "<group>";
		};
		PPP222222222222222222222 /* Tools */ = {
			isa = PBXGroup;
			children = (
				PPP666666666666666666666 /* Views */,
				PPP777777777777777777777 /* Models */,
				PPP888888888888888888888 /* Services */,
			);
			path = Tools;
			sourceTree = "<group>";
		};
		PPP333333333333333333333 /* Views */ = {
			isa = PBXGroup;
			children = (
				III222222222222222222222 /* PodcastListView.swift */,
				JJJ222222222222222222222 /* EpisodeListView.swift */,
				KKK222222222222222222222 /* MiniPlayerView.swift */,
				NNN222222222222222222222 /* DownloadsView.swift */,
				QQQ111111111111111111111 /* PodcastItemView.swift */,
				IMG111111111111111111111 /* ImagePodcastImportView.swift */,
				IMV111111111111111111111 /* ImagePodcastImportViewModel.swift */,
			);
			path = Views;
			sourceTree = "<group>";
		};
		PPP444444444444444444444 /* Models */ = {
			isa = PBXGroup;
			children = (
				FFF222222222222222222222 /* Podcast.swift */,
				SRCH11111111111111111111 /* PodcastSearchResult.swift */,
			);
			path = Models;
			sourceTree = "<group>";
		};
		PPP555555555555555555555 /* Services */ = {
			isa = PBXGroup;
			children = (
				HHH222222222222222222222 /* AudioPlayerService.swift */,
				GGG222222222222222222222 /* RSSFeedParser.swift */,
				MMM222222222222222222222 /* DownloadManager.swift */,
				SRVC11111111111111111111 /* PodcastSearchService.swift */,
				VIS111111111111111111111 /* VisionService.swift */,
				TXT111111111111111111111 /* TextProcessingService.swift */,
			);
			path = Services;
			sourceTree = "<group>";
		};
		PPP666666666666666666666 /* Views */ = {
			isa = PBXGroup;
			children = (
				A44444444444444444444444 /* ContentView.swift */,
				ACC222222222222222222222 /* ToolParameterSheet.swift */,
			);
			path = Views;
			sourceTree = "<group>";
		};
		PPP777777777777777777777 /* Models */ = {
			isa = PBXGroup;
			children = (
				A88888888888888888888888 /* Tool.swift */,
			);
			path = Models;
			sourceTree = "<group>";
		};
		PPP888888888888888888888 /* Services */ = {
			isa = PBXGroup;
			children = (
				AAA000000000000000000000 /* ToolService.swift */,
				DDD222222222222222222222 /* SpeechRecognizer.swift */,
				EEE222222222222222222222 /* CommandParser.swift */,
			);
			path = Services;
			sourceTree = "<group>";
		};
/* End PBXGroup section */

/* Begin PBXNativeTarget section */
		B55BBBBBBBBBBBBBBBBBBBBBB /* GardenManager */ = {
			isa = PBXNativeTarget;
			buildConfigurationList = B66CCCCCCCCCCCCCCCCCCCCCC /* Build configuration list for PBXNativeTarget "GardenManager" */;
			buildPhases = (
				B77DDDDDDDDDDDDDDDDDDDDDD /* Sources */,
				AEE444444444444444444444 /* Frameworks */,
				B88EEEEEEEEEEEEEEEEEEEEEE /* Resources */,
			);
			buildRules = (
			);
			dependencies = (
			);
			name = GardenManager;
			productName = GardenManager;
			productReference = ADD333333333333333333333 /* GardenManager.app */;
			productType = "com.apple.product-type.application";
		};
/* End PBXNativeTarget section */

/* Begin PBXProject section */
		B99FFFFFFFFFFFFFFFFFFFFF /* Project object */ = {
			isa = PBXProject;
			attributes = {
				BuildIndependentTargetsInParallel = 1;
				LastSwiftUpdateCheck = 1500;
				LastUpgradeCheck = 1500;
				TargetAttributes = {
					B55BBBBBBBBBBBBBBBBBBBBBB = {
						CreatedOnToolsVersion = 15.0;
					};
				};
			};
			buildConfigurationList = C00000000000000000000000 /* Build configuration list for PBXProject "GardenManager" */;
			compatibilityVersion = "Xcode 14.0";
			developmentRegion = en;
			hasScannedForEncodings = 0;
			knownRegions = (
				en,
				Base,
			);
			mainGroup = AFF555555555555555555555;
			productRefGroup = B11777777777777777777777 /* Products */;
			projectDirPath = "";
			projectRoot = "";
			targets = (
				B55BBBBBBBBBBBBBBBBBBBBBB /* GardenManager */,
			);
		};
/* End PBXProject section */

/* Begin PBXResourcesBuildPhase section */
		B88EEEEEEEEEEEEEEEEEEEEEE /* Resources */ = {
			isa = PBXResourcesBuildPhase;
			buildActionMask = 2147483647;
			files = (
				A55555555555555555555555 /* Assets.xcassets in Resources */,
			);
			runOnlyForDeploymentPostprocessing = 0;
		};
/* End PBXResourcesBuildPhase section */

/* Begin PBXSourcesBuildPhase section */
		B77DDDDDDDDDDDDDDDDDDDDDD /* Sources */ = {
			isa = PBXSourcesBuildPhase;
			buildActionMask = 2147483647;
			files = (
				A33333333333333333333333 /* ContentView.swift in Sources */,
				A11111111111111111111111 /* GardenManagerApp.swift in Sources */,
				A77777777777777777777777 /* Tool.swift in Sources */,
				A99999999999999999999999 /* ToolService.swift in Sources */,
				ABB111111111111111111111 /* ToolParameterSheet.swift in Sources */,
				DDD111111111111111111111 /* SpeechRecognizer.swift in Sources */,
				EEE111111111111111111111 /* CommandParser.swift in Sources */,
				FFF111111111111111111111 /* Podcast.swift in Sources */,
				GGG111111111111111111111 /* RSSFeedParser.swift in Sources */,
				HHH111111111111111111111 /* AudioPlayerService.swift in Sources */,
				III111111111111111111111 /* PodcastListView.swift in Sources */,
				JJJ111111111111111111111 /* EpisodeListView.swift in Sources */,
				KKK111111111111111111111 /* MiniPlayerView.swift in Sources */,
				MMM111111111111111111111 /* DownloadManager.swift in Sources */,
				NNN111111111111111111111 /* DownloadsView.swift in Sources */,
				CC2D86EC2F0A4A3E00EA33F5 /* MotionGraphsView.swift in Sources */,
				OOO111111111111111111111 /* AppDelegate.swift in Sources */,
				PPP999999999999999999999 /* PodcastItemView.swift in Sources */,
				MOT111111111111111111111 /* MotionTracker.swift in Sources */,
				MOT333333333333333333333 /* MotionStatusView.swift in Sources */,
				MOT555555555555555555555 /* MotionAudioCoordinator.swift in Sources */,
				MOTAAA111111111111111111 /* MotionEvent.swift in Sources */,
				MOTBBB111111111111111111 /* MotionTabContainerView.swift in Sources */,
				VIS222222222222222222222 /* VisionService.swift in Sources */,
				TXT222222222222222222222 /* TextProcessingService.swift in Sources */,
				IMG222222222222222222222 /* ImagePodcastImportView.swift in Sources */,
				IMV222222222222222222222 /* ImagePodcastImportViewModel.swift in Sources */,
				SRCH22222222222222222222 /* PodcastSearchResult.swift in Sources */,
				SRVC22222222222222222222 /* PodcastSearchService.swift in Sources */,
			);
			runOnlyForDeploymentPostprocessing = 0;
		};
/* End PBXSourcesBuildPhase section */

/* Begin XCBuildConfiguration section */
		C11111111111111111111111 /* Debug */ = {
			isa = XCBuildConfiguration;
			buildSettings = {
				ALWAYS_SEARCH_USER_PATHS = NO;
				ASSETCATALOG_COMPILER_GENERATE_SWIFT_ASSET_SYMBOL_EXTENSIONS = YES;
				CLANG_ANALYZER_NONNULL = YES;
				CLANG_ANALYZER_NUMBER_OBJECT_CONVERSION = YES_AGGRESSIVE;
				CLANG_CXX_LANGUAGE_STANDARD = "gnu++20";
				CLANG_ENABLE_MODULES = YES;
				CLANG_ENABLE_OBJC_ARC = YES;
				CLANG_ENABLE_OBJC_WEAK = YES;
				CLANG_WARN_BLOCK_CAPTURE_AUTORELEASING = YES;
				CLANG_WARN_BOOL_CONVERSION = YES;
				CLANG_WARN_COMMA = YES;
				CLANG_WARN_CONSTANT_CONVERSION = YES;
				CLANG_WARN_DEPRECATED_OBJC_IMPLEMENTATIONS = YES;
				CLANG_WARN_DIRECT_OBJC_ISA_USAGE = YES_ERROR;
				CLANG_WARN_DOCUMENTATION_COMMENTS = YES;
				CLANG_WARN_EMPTY_BODY = YES;
				CLANG_WARN_ENUM_CONVERSION = YES;
				CLANG_WARN_INFINITE_RECURSION = YES;
				CLANG_WARN_INT_CONVERSION = YES;
				CLANG_WARN_NON_LITERAL_NULL_CONVERSION = YES;
				CLANG_WARN_OBJC_IMPLICIT_RETAIN_SELF = YES;
				CLANG_WARN_OBJC_LITERAL_CONVERSION = YES;
				CLANG_WARN_OBJC_ROOT_CLASS = YES_ERROR;
				CLANG_WARN_QUOTED_INCLUDE_IN_FRAMEWORK_HEADER = YES;
				CLANG_WARN_RANGE_LOOP_ANALYSIS = YES;
				CLANG_WARN_STRICT_PROTOTYPES = YES;
				CLANG_WARN_SUSPICIOUS_MOVE = YES;
				CLANG_WARN_UNGUARDED_AVAILABILITY = YES_AGGRESSIVE;
				CLANG_WARN_UNREACHABLE_CODE = YES;
				CLANG_WARN__DUPLICATE_METHOD_MATCH = YES;
				COPY_PHASE_STRIP = NO;
				DEBUG_INFORMATION_FORMAT = dwarf;
				ENABLE_STRICT_OBJC_MSGSEND = YES;
				ENABLE_TESTABILITY = YES;
				ENABLE_USER_SCRIPT_SANDBOXING = YES;
				GCC_C_LANGUAGE_STANDARD = gnu17;
				GCC_DYNAMIC_NO_PIC = NO;
				GCC_NO_COMMON_BLOCKS = YES;
				GCC_OPTIMIZATION_LEVEL = 0;
				GCC_PREPROCESSOR_DEFINITIONS = (
					"DEBUG=1",
					"$(inherited)",
				);
				GCC_WARN_64_TO_32_BIT_CONVERSION = YES;
				GCC_WARN_ABOUT_RETURN_TYPE = YES_ERROR;
				GCC_WARN_UNDECLARED_SELECTOR = YES;
				GCC_WARN_UNINITIALIZED_AUTOS = YES_AGGRESSIVE;
				GCC_WARN_UNUSED_FUNCTION = YES;
				GCC_WARN_UNUSED_VARIABLE = YES;
				IPHONEOS_DEPLOYMENT_TARGET = 26.0;
				LOCALIZATION_PREFERS_STRING_CATALOGS = YES;
				MTL_ENABLE_DEBUG_INFO = INCLUDE_SOURCE;
				MTL_FAST_MATH = YES;
				ONLY_ACTIVE_ARCH = YES;
				SDKROOT = iphoneos;
				SWIFT_ACTIVE_COMPILATION_CONDITIONS = "DEBUG $(inherited)";
				SWIFT_OPTIMIZATION_LEVEL = "-Onone";
			};
			name = Debug;
		};
		C22222222222222222222222 /* Release */ = {
			isa = XCBuildConfiguration;
			buildSettings = {
				ALWAYS_SEARCH_USER_PATHS = NO;
				ASSETCATALOG_COMPILER_GENERATE_SWIFT_ASSET_SYMBOL_EXTENSIONS = YES;
				CLANG_ANALYZER_NONNULL = YES;
				CLANG_ANALYZER_NUMBER_OBJECT_CONVERSION = YES_AGGRESSIVE;
				CLANG_CXX_LANGUAGE_STANDARD = "gnu++20";
				CLANG_ENABLE_MODULES = YES;
				CLANG_ENABLE_OBJC_ARC = YES;
				CLANG_ENABLE_OBJC_WEAK = YES;
				CLANG_WARN_BLOCK_CAPTURE_AUTORELEASING = YES;
				CLANG_WARN_BOOL_CONVERSION = YES;
				CLANG_WARN_COMMA = YES;
				CLANG_WARN_CONSTANT_CONVERSION = YES;
				CLANG_WARN_DEPRECATED_OBJC_IMPLEMENTATIONS = YES;
				CLANG_WARN_DIRECT_OBJC_ISA_USAGE = YES_ERROR;
				CLANG_WARN_DOCUMENTATION_COMMENTS = YES;
				CLANG_WARN_EMPTY_BODY = YES;
				CLANG_WARN_ENUM_CONVERSION = YES;
				CLANG_WARN_INFINITE_RECURSION = YES;
				CLANG_WARN_INT_CONVERSION = YES;
				CLANG_WARN_NON_LITERAL_NULL_CONVERSION = YES;
				CLANG_WARN_OBJC_IMPLICIT_RETAIN_SELF = YES;
				CLANG_WARN_OBJC_LITERAL_CONVERSION = YES;
				CLANG_WARN_OBJC_ROOT_CLASS = YES_ERROR;
				CLANG_WARN_QUOTED_INCLUDE_IN_FRAMEWORK_HEADER = YES;
				CLANG_WARN_RANGE_LOOP_ANALYSIS = YES;
				CLANG_WARN_STRICT_PROTOTYPES = YES;
				CLANG_WARN_SUSPICIOUS_MOVE = YES;
				CLANG_WARN_UNGUARDED_AVAILABILITY = YES_AGGRESSIVE;
				CLANG_WARN_UNREACHABLE_CODE = YES;
				CLANG_WARN__DUPLICATE_METHOD_MATCH = YES;
				COPY_PHASE_STRIP = NO;
				DEBUG_INFORMATION_FORMAT = "dwarf-with-dsym";
				ENABLE_NS_ASSERTIONS = NO;
				ENABLE_STRICT_OBJC_MSGSEND = YES;
				ENABLE_USER_SCRIPT_SANDBOXING = YES;
				GCC_C_LANGUAGE_STANDARD = gnu17;
				GCC_NO_COMMON_BLOCKS = YES;
				GCC_WARN_64_TO_32_BIT_CONVERSION = YES;
				GCC_WARN_ABOUT_RETURN_TYPE = YES_ERROR;
				GCC_WARN_UNDECLARED_SELECTOR = YES;
				GCC_WARN_UNINITIALIZED_AUTOS = YES_AGGRESSIVE;
				GCC_WARN_UNUSED_FUNCTION = YES;
				GCC_WARN_UNUSED_VARIABLE = YES;
				IPHONEOS_DEPLOYMENT_TARGET = 26.0;
				LOCALIZATION_PREFERS_STRING_CATALOGS = YES;
				MTL_ENABLE_DEBUG_INFO = NO;
				MTL_FAST_MATH = YES;
				SDKROOT = iphoneos;
				SWIFT_COMPILATION_MODE = wholemodule;
				VALIDATE_PRODUCT = YES;
			};
			name = Release;
		};
		C33333333333333333333333 /* Debug */ = {
			isa = XCBuildConfiguration;
			buildSettings = {
				ASSETCATALOG_COMPILER_APPICON_NAME = AppIcon;
				ASSETCATALOG_COMPILER_GLOBAL_ACCENT_COLOR_NAME = AccentColor;
				CODE_SIGN_STYLE = Automatic;
				CURRENT_PROJECT_VERSION = 1;
				DEVELOPMENT_ASSET_PATHS = "";
				DEVELOPMENT_TEAM = C545RG9LW8;
				ENABLE_PREVIEWS = YES;
				GENERATE_INFOPLIST_FILE = YES;
				INFOPLIST_FILE = GardenManager/Info.plist;
				INFOPLIST_KEY_NSLocalNetworkUsageDescription = "This app needs network access to download podcast episodes.";
				INFOPLIST_KEY_NSMicrophoneUsageDescription = "Garden Manager needs microphone access to listen to your voice commands.";
				INFOPLIST_KEY_NSSpeechRecognitionUsageDescription = "Garden Manager uses speech recognition to understand your voice commands and execute garden tools.";
				INFOPLIST_KEY_UIApplicationSceneManifest_Generation = YES;
				INFOPLIST_KEY_UIApplicationSupportsIndirectInputEvents = YES;
				INFOPLIST_KEY_UIBackgroundModes = "audio fetch";
				INFOPLIST_KEY_UILaunchScreen_Generation = YES;
				INFOPLIST_KEY_UISupportedInterfaceOrientations_iPad = "UIInterfaceOrientationPortrait UIInterfaceOrientationPortraitUpsideDown UIInterfaceOrientationLandscapeLeft UIInterfaceOrientationLandscapeRight";
				INFOPLIST_KEY_UISupportedInterfaceOrientations_iPhone = "UIInterfaceOrientationPortrait UIInterfaceOrientationLandscapeLeft UIInterfaceOrientationLandscapeRight";
				IPHONEOS_DEPLOYMENT_TARGET = 26.0;
				LD_RUNPATH_SEARCH_PATHS = (
					"$(inherited)",
					"@executable_path/Frameworks",
				);
				MARKETING_VERSION = 1.0;
				PRODUCT_BUNDLE_IDENTIFIER = com.gardenmanager.application;
				PRODUCT_NAME = "$(TARGET_NAME)";
				SWIFT_EMIT_LOC_STRINGS = YES;
				SWIFT_VERSION = 6.0;
				TARGETED_DEVICE_FAMILY = "1,2";
			};
			name = Debug;
		};
		C44444444444444444444444 /* Release */ = {
			isa = XCBuildConfiguration;
			buildSettings = {
				ASSETCATALOG_COMPILER_APPICON_NAME = AppIcon;
				ASSETCATALOG_COMPILER_GLOBAL_ACCENT_COLOR_NAME = AccentColor;
				CODE_SIGN_STYLE = Automatic;
				CURRENT_PROJECT_VERSION = 1;
				DEVELOPMENT_ASSET_PATHS = "";
				DEVELOPMENT_TEAM = C545RG9LW8;
				ENABLE_PREVIEWS = YES;
				GENERATE_INFOPLIST_FILE = YES;
				INFOPLIST_FILE = GardenManager/Info.plist;
				INFOPLIST_KEY_NSLocalNetworkUsageDescription = "This app needs network access to download podcast episodes.";
				INFOPLIST_KEY_NSMicrophoneUsageDescription = "Garden Manager needs microphone access to listen to your voice commands.";
				INFOPLIST_KEY_NSSpeechRecognitionUsageDescription = "Garden Manager uses speech recognition to understand your voice commands and execute garden tools.";
				INFOPLIST_KEY_UIApplicationSceneManifest_Generation = YES;
				INFOPLIST_KEY_UIApplicationSupportsIndirectInputEvents = YES;
				INFOPLIST_KEY_UIBackgroundModes = "audio fetch";
				INFOPLIST_KEY_UILaunchScreen_Generation = YES;
				INFOPLIST_KEY_UISupportedInterfaceOrientations_iPad = "UIInterfaceOrientationPortrait UIInterfaceOrientationPortraitUpsideDown UIInterfaceOrientationLandscapeLeft UIInterfaceOrientationLandscapeRight";
				INFOPLIST_KEY_UISupportedInterfaceOrientations_iPhone = "UIInterfaceOrientationPortrait UIInterfaceOrientationLandscapeLeft UIInterfaceOrientationLandscapeRight";
				IPHONEOS_DEPLOYMENT_TARGET = 26.0;
				LD_RUNPATH_SEARCH_PATHS = (
					"$(inherited)",
					"@executable_path/Frameworks",
				);
				MARKETING_VERSION = 1.0;
				PRODUCT_BUNDLE_IDENTIFIER = com.gardenmanager.application;
				PRODUCT_NAME = "$(TARGET_NAME)";
				SWIFT_EMIT_LOC_STRINGS = YES;
				SWIFT_VERSION = 6.0;
				TARGETED_DEVICE_FAMILY = "1,2";
			};
			name = Release;
		};
/* End XCBuildConfiguration section */

/* Begin XCConfigurationList section */
		B66CCCCCCCCCCCCCCCCCCCCCC /* Build configuration list for PBXNativeTarget "GardenManager" */ = {
			isa = XCConfigurationList;
			buildConfigurations = (
				C33333333333333333333333 /* Debug */,
				C44444444444444444444444 /* Release */,
			);
			defaultConfigurationIsVisible = 0;
			defaultConfigurationName = Release;
		};
		C00000000000000000000000 /* Build configuration list for PBXProject "GardenManager" */ = {
			isa = XCConfigurationList;
			buildConfigurations = (
				C11111111111111111111111 /* Debug */,
				C22222222222222222222222 /* Release */,
			);
			defaultConfigurationIsVisible = 0;
			defaultConfigurationName = Release;
		};
/* End XCConfigurationList section */
	};
	rootObject = B99FFFFFFFFFFFFFFFFFFFFF /* Project object */;
}
