// !$*UTF8*$!
{
	archiveVersion = 1;
	classes = {
	};
	objectVersion = 77;
	objects = {

/* Begin PBXBuildFile section */
		2190DBF72C1AC02F2AB01302 /* GardenManagerApp.swift in Sources */ = {isa = PBXBuildFile; fileRef = 8919C9873ED7317E8A8E62AC /* GardenManagerApp.swift */; };
		58DE49DAEDCCB7C78C2A0477 /* AppDelegate.swift in Sources */ = {isa = PBXBuildFile; fileRef = 57E25AB53CF1C8F7AA8580F3 /* AppDelegate.swift */; };
		84FD4CCF1677F305B05EF540 /* FastVLMImageProcessing.swift.disabled in Resources */ = {isa = PBXBuildFile; fileRef = E9B87885E3ECC34BF04DD67B /* FastVLMImageProcessing.swift.disabled */; };
		CAC1431134AE16D836E163CD /* SwiftLlama in Frameworks */ = {isa = PBXBuildFile; productRef = F995B001296578981A14E5AF /* SwiftLlama */; };
		CEB5386EA518934CD63F9F4B /* GrokVoiceService.swift in Sources */ = {isa = PBXBuildFile; fileRef = 39305927F4656B443DBA3B5A /* GrokVoiceService.swift */; };
		D3D5864AB12A7B038FEB2DEC /* GrokVoiceView.swift in Sources */ = {isa = PBXBuildFile; fileRef = 02E4DE8CF024785D92B1EBC4 /* GrokVoiceView.swift */; };
		E38636EB30BE90FAE1E3F53B /* LFM2.5-VL-1.6B-Q4_0.gguf in Resources */ = {isa = PBXBuildFile; fileRef = DFED06A2F02A6101395DBBE4 /* LFM2.5-VL-1.6B-Q4_0.gguf */; };
		F2B195715BA20D9343012D8B /* AITabView.swift in Sources */ = {isa = PBXBuildFile; fileRef = AB4A48BF09269F9169962D57 /* AITabView.swift */; };
		F40B7A27987F32C13BDC2DBE /* Assets.xcassets in Resources */ = {isa = PBXBuildFile; fileRef = F238D1F176156184E7E8AFAA /* Assets.xcassets */; };
/* End PBXBuildFile section */

/* Begin PBXFileReference section */
		02E4DE8CF024785D92B1EBC4 /* GrokVoiceView.swift */ = {isa = PBXFileReference; lastKnownFileType = sourcecode.swift; path = GrokVoiceView.swift; sourceTree = "<group>"; };
		1C388DA753AFE5093063A2A4 /* GardenManager.app */ = {isa = PBXFileReference; includeInIndex = 0; lastKnownFileType = wrapper.application; path = GardenManager.app; sourceTree = BUILT_PRODUCTS_DIR; };
		39305927F4656B443DBA3B5A /* GrokVoiceService.swift */ = {isa = PBXFileReference; lastKnownFileType = sourcecode.swift; path = GrokVoiceService.swift; sourceTree = "<group>"; };
		57E25AB53CF1C8F7AA8580F3 /* AppDelegate.swift */ = {isa = PBXFileReference; lastKnownFileType = sourcecode.swift; path = AppDelegate.swift; sourceTree = "<group>"; };
		613D126342A6B10D41E68D1C /* Info.plist */ = {isa = PBXFileReference; lastKnownFileType = text.plist; path = Info.plist; sourceTree = "<group>"; };
		8919C9873ED7317E8A8E62AC /* GardenManagerApp.swift */ = {isa = PBXFileReference; lastKnownFileType = sourcecode.swift; path = GardenManagerApp.swift; sourceTree = "<group>"; };
		AB4A48BF09269F9169962D57 /* AITabView.swift */ = {isa = PBXFileReference; lastKnownFileType = sourcecode.swift; path = AITabView.swift; sourceTree = "<group>"; };
		DFED06A2F02A6101395DBBE4 /* LFM2.5-VL-1.6B-Q4_0.gguf */ = {isa = PBXFileReference; path = "LFM2.5-VL-1.6B-Q4_0.gguf"; sourceTree = "<group>"; };
		E9B87885E3ECC34BF04DD67B /* FastVLMImageProcessing.swift.disabled */ = {isa = PBXFileReference; path = FastVLMImageProcessing.swift.disabled; sourceTree = "<group>"; };
		F238D1F176156184E7E8AFAA /* Assets.xcassets */ = {isa = PBXFileReference; lastKnownFileType = folder.assetcatalog; path = Assets.xcassets; sourceTree = "<group>"; };
/* End PBXFileReference section */

/* Begin PBXFrameworksBuildPhase section */
		D7D869FCC7905B23E49B4ECE /* Frameworks */ = {
			isa = PBXFrameworksBuildPhase;
			buildActionMask = 2147483647;
			files = (
				CAC1431134AE16D836E163CD /* SwiftLlama in Frameworks */,
			);
			runOnlyForDeploymentPostprocessing = 0;
		};
/* End PBXFrameworksBuildPhase section */

/* Begin PBXGroup section */
		05C9135B623C42A08919A79A /* AI */ = {
			isa = PBXGroup;
			children = (
				AB4A48BF09269F9169962D57 /* AITabView.swift */,
				C9F3E18E5095D5A1E62EE568 /* FastVLM */,
			);
			path = AI;
			sourceTree = "<group>";
		};
		28C0822AC49FF25127182914 /* Products */ = {
			isa = PBXGroup;
			children = (
				1C388DA753AFE5093063A2A4 /* GardenManager.app */,
			);
			name = Products;
			sourceTree = "<group>";
		};
		39F42B6B4D9CE7C82C363244 /* GardenManager */ = {
			isa = PBXGroup;
			children = (
				57E25AB53CF1C8F7AA8580F3 /* AppDelegate.swift */,
				F238D1F176156184E7E8AFAA /* Assets.xcassets */,
				8919C9873ED7317E8A8E62AC /* GardenManagerApp.swift */,
				613D126342A6B10D41E68D1C /* Info.plist */,
				05C9135B623C42A08919A79A /* AI */,
				6E97B3C3FB5CB8DC34912ADF /* GrokVoice */,
				5D264DC8DB12E3EDE8FC5A44 /* Models */,
			);
			path = GardenManager;
			sourceTree = "<group>";
		};
		5D264DC8DB12E3EDE8FC5A44 /* Models */ = {
			isa = PBXGroup;
			children = (
				DFED06A2F02A6101395DBBE4 /* LFM2.5-VL-1.6B-Q4_0.gguf */,
			);
			path = Models;
			sourceTree = "<group>";
		};
		6E97B3C3FB5CB8DC34912ADF /* GrokVoice */ = {
			isa = PBXGroup;
			children = (
				39305927F4656B443DBA3B5A /* GrokVoiceService.swift */,
				02E4DE8CF024785D92B1EBC4 /* GrokVoiceView.swift */,
			);
			path = GrokVoice;
			sourceTree = "<group>";
		};
		C5CBE673CA134839955C87E2 = {
			isa = PBXGroup;
			children = (
				39F42B6B4D9CE7C82C363244 /* GardenManager */,
				28C0822AC49FF25127182914 /* Products */,
			);
			sourceTree = "<group>";
		};
		C9F3E18E5095D5A1E62EE568 /* FastVLM */ = {
			isa = PBXGroup;
			children = (
				E9B87885E3ECC34BF04DD67B /* FastVLMImageProcessing.swift.disabled */,
			);
			path = FastVLM;
			sourceTree = "<group>";
		};
/* End PBXGroup section */

/* Begin PBXNativeTarget section */
		8090CD793CA5DB251BF5BFF4 /* GardenManager */ = {
			isa = PBXNativeTarget;
			buildConfigurationList = 913C2E941B3A4FB2A025CDA3 /* Build configuration list for PBXNativeTarget "GardenManager" */;
			buildPhases = (
				AC9BF7B32BDCEF4B501E030A /* Sources */,
				152C8DAE6E109E5002B9F8A1 /* Resources */,
				D7D869FCC7905B23E49B4ECE /* Frameworks */,
			);
			buildRules = (
			);
			dependencies = (
			);
			name = GardenManager;
			packageProductDependencies = (
				F995B001296578981A14E5AF /* SwiftLlama */,
			);
			productName = GardenManager;
			productReference = 1C388DA753AFE5093063A2A4 /* GardenManager.app */;
			productType = "com.apple.product-type.application";
		};
/* End PBXNativeTarget section */

/* Begin PBXProject section */
		629BB110FCA66C5F544AC160 /* Project object */ = {
			isa = PBXProject;
			attributes = {
				BuildIndependentTargetsInParallel = YES;
				LastUpgradeCheck = 1600;
				TargetAttributes = {
					8090CD793CA5DB251BF5BFF4 = {
						DevelopmentTeam = 563V2QK49N;
						ProvisioningStyle = Automatic;
					};
				};
			};
			buildConfigurationList = DE90EDFFA36AAC3CAD62F477 /* Build configuration list for PBXProject "GardenManager" */;
			developmentRegion = en;
			hasScannedForEncodings = 0;
			knownRegions = (
				Base,
				en,
			);
			mainGroup = C5CBE673CA134839955C87E2;
			minimizedProjectReferenceProxies = 1;
			packageReferences = (
				94CB3B18A0FC26B5F6100146 /* XCRemoteSwiftPackageReference "swift-llama-cpp" */,
			);
			preferredProjectObjectVersion = 77;
			productRefGroup = 28C0822AC49FF25127182914 /* Products */;
			projectDirPath = "";
			projectRoot = "";
			targets = (
				8090CD793CA5DB251BF5BFF4 /* GardenManager */,
			);
		};
/* End PBXProject section */

/* Begin PBXResourcesBuildPhase section */
		152C8DAE6E109E5002B9F8A1 /* Resources */ = {
			isa = PBXResourcesBuildPhase;
			buildActionMask = 2147483647;
			files = (
				F40B7A27987F32C13BDC2DBE /* Assets.xcassets in Resources */,
				84FD4CCF1677F305B05EF540 /* FastVLMImageProcessing.swift.disabled in Resources */,
				E38636EB30BE90FAE1E3F53B /* LFM2.5-VL-1.6B-Q4_0.gguf in Resources */,
			);
			runOnlyForDeploymentPostprocessing = 0;
		};
/* End PBXResourcesBuildPhase section */

/* Begin PBXSourcesBuildPhase section */
		AC9BF7B32BDCEF4B501E030A /* Sources */ = {
			isa = PBXSourcesBuildPhase;
			buildActionMask = 2147483647;
			files = (
				F2B195715BA20D9343012D8B /* AITabView.swift in Sources */,
				58DE49DAEDCCB7C78C2A0477 /* AppDelegate.swift in Sources */,
				2190DBF72C1AC02F2AB01302 /* GardenManagerApp.swift in Sources */,
				CEB5386EA518934CD63F9F4B /* GrokVoiceService.swift in Sources */,
				D3D5864AB12A7B038FEB2DEC /* GrokVoiceView.swift in Sources */,
			);
			runOnlyForDeploymentPostprocessing = 0;
		};
/* End PBXSourcesBuildPhase section */

/* Begin XCBuildConfiguration section */
		7CC7B70EC09735548F0F3AF1 /* Release */ = {
			isa = XCBuildConfiguration;
			buildSettings = {
				ALWAYS_SEARCH_USER_PATHS = NO;
				CLANG_ANALYZER_NONNULL = YES;
				CLANG_ANALYZER_NUMBER_OBJECT_CONVERSION = YES_AGGRESSIVE;
				CLANG_CXX_LANGUAGE_STANDARD = "gnu++14";
				CLANG_CXX_LIBRARY = "libc++";
				CLANG_ENABLE_MODULES = YES;
				CLANG_ENABLE_OBJC_ARC = YES;
				CLANG_ENABLE_OBJC_WEAK = YES;
				CLANG_WARN_BLOCK_CAPTURE_AUTORELEASING = YES;
				CLANG_WARN_BOOL_CONVERSION = YES;
				CLANG_WARN_COMMA = YES;
				CLANG_WARN_CONSTANT_CONVERSION = YES;
				CLANG_WARN_DEPRECATED_OBJC_IMPLEMENTATIONS = YES;
				CLANG_WARN_DIRECT_OBJC_ISA_USAGE = YES_ERROR;
				CLANG_WARN_DOCUMENTATION_COMMENTS = YES;
				CLANG_WARN_EMPTY_BODY = YES;
				CLANG_WARN_ENUM_CONVERSION = YES;
				CLANG_WARN_INFINITE_RECURSION = YES;
				CLANG_WARN_INT_CONVERSION = YES;
				CLANG_WARN_NON_LITERAL_NULL_CONVERSION = YES;
				CLANG_WARN_OBJC_IMPLICIT_RETAIN_SELF = YES;
				CLANG_WARN_OBJC_LITERAL_CONVERSION = YES;
				CLANG_WARN_OBJC_ROOT_CLASS = YES_ERROR;
				CLANG_WARN_QUOTED_INCLUDE_IN_FRAMEWORK_HEADER = YES;
				CLANG_WARN_RANGE_LOOP_ANALYSIS = YES;
				CLANG_WARN_STRICT_PROTOTYPES = YES;
				CLANG_WARN_SUSPICIOUS_MOVE = YES;
				CLANG_WARN_UNGUARDED_AVAILABILITY = YES_AGGRESSIVE;
				CLANG_WARN_UNREACHABLE_CODE = YES;
				CLANG_WARN__DUPLICATE_METHOD_MATCH = YES;
				CODE_SIGN_STYLE = Automatic;
				COPY_PHASE_STRIP = NO;
				DEBUG_INFORMATION_FORMAT = "dwarf-with-dsym";
				DEVELOPMENT_TEAM = 563V2QK49N;
				ENABLE_NS_ASSERTIONS = NO;
				ENABLE_STRICT_OBJC_MSGSEND = YES;
				GCC_C_LANGUAGE_STANDARD = gnu11;
				GCC_NO_COMMON_BLOCKS = YES;
				GCC_WARN_64_TO_32_BIT_CONVERSION = YES;
				GCC_WARN_ABOUT_RETURN_TYPE = YES_ERROR;
				GCC_WARN_UNDECLARED_SELECTOR = YES;
				GCC_WARN_UNINITIALIZED_AUTOS = YES_AGGRESSIVE;
				GCC_WARN_UNUSED_FUNCTION = YES;
				GCC_WARN_UNUSED_VARIABLE = YES;
				INFOPLIST_FILE = GardenManager/Info.plist;
				IPHONEOS_DEPLOYMENT_TARGET = 26.0;
				MTL_ENABLE_DEBUG_INFO = NO;
				MTL_FAST_MATH = YES;
				PRODUCT_NAME = "$(TARGET_NAME)";
				SDKROOT = iphoneos;
				SWIFT_COMPILATION_MODE = wholemodule;
				SWIFT_OPTIMIZATION_LEVEL = "-O";
				SWIFT_VERSION = 6.0;
				TARGETED_DEVICE_FAMILY = "1,2";
			};
			name = Release;
		};
		8067D8C84F36F7FA320A2867 /* Debug */ = {
			isa = XCBuildConfiguration;
			buildSettings = {
				ASSETCATALOG_COMPILER_APPICON_NAME = AppIcon;
				CODE_SIGN_IDENTITY = "iPhone Developer";
				INFOPLIST_FILE = GardenManager/Info.plist;
				LD_RUNPATH_SEARCH_PATHS = (
					"$(inherited)",
					"@executable_path/Frameworks",
				);
				PRODUCT_BUNDLE_IDENTIFIER = com.gardenmanager.application;
				SDKROOT = iphoneos;
				TARGETED_DEVICE_FAMILY = "1,2";
			};
			name = Debug;
		};
		86021CCC0C9FD3C3552C2074 /* Debug */ = {
			isa = XCBuildConfiguration;
			buildSettings = {
				ALWAYS_SEARCH_USER_PATHS = NO;
				CLANG_ANALYZER_NONNULL = YES;
				CLANG_ANALYZER_NUMBER_OBJECT_CONVERSION = YES_AGGRESSIVE;
				CLANG_CXX_LANGUAGE_STANDARD = "gnu++14";
				CLANG_CXX_LIBRARY = "libc++";
				CLANG_ENABLE_MODULES = YES;
				CLANG_ENABLE_OBJC_ARC = YES;
				CLANG_ENABLE_OBJC_WEAK = YES;
				CLANG_WARN_BLOCK_CAPTURE_AUTORELEASING = YES;
				CLANG_WARN_BOOL_CONVERSION = YES;
				CLANG_WARN_COMMA = YES;
				CLANG_WARN_CONSTANT_CONVERSION = YES;
				CLANG_WARN_DEPRECATED_OBJC_IMPLEMENTATIONS = YES;
				CLANG_WARN_DIRECT_OBJC_ISA_USAGE = YES_ERROR;
				CLANG_WARN_DOCUMENTATION_COMMENTS = YES;
				CLANG_WARN_EMPTY_BODY = YES;
				CLANG_WARN_ENUM_CONVERSION = YES;
				CLANG_WARN_INFINITE_RECURSION = YES;
				CLANG_WARN_INT_CONVERSION = YES;
				CLANG_WARN_NON_LITERAL_NULL_CONVERSION = YES;
				CLANG_WARN_OBJC_IMPLICIT_RETAIN_SELF = YES;
				CLANG_WARN_OBJC_LITERAL_CONVERSION = YES;
				CLANG_WARN_OBJC_ROOT_CLASS = YES_ERROR;
				CLANG_WARN_QUOTED_INCLUDE_IN_FRAMEWORK_HEADER = YES;
				CLANG_WARN_RANGE_LOOP_ANALYSIS = YES;
				CLANG_WARN_STRICT_PROTOTYPES = YES;
				CLANG_WARN_SUSPICIOUS_MOVE = YES;
				CLANG_WARN_UNGUARDED_AVAILABILITY = YES_AGGRESSIVE;
				CLANG_WARN_UNREACHABLE_CODE = YES;
				CLANG_WARN__DUPLICATE_METHOD_MATCH = YES;
				CODE_SIGN_STYLE = Automatic;
				COPY_PHASE_STRIP = NO;
				DEBUG_INFORMATION_FORMAT = dwarf;
				DEVELOPMENT_TEAM = 563V2QK49N;
				ENABLE_STRICT_OBJC_MSGSEND = YES;
				ENABLE_TESTABILITY = YES;
				GCC_C_LANGUAGE_STANDARD = gnu11;
				GCC_DYNAMIC_NO_PIC = NO;
				GCC_NO_COMMON_BLOCKS = YES;
				GCC_OPTIMIZATION_LEVEL = 0;
				GCC_PREPROCESSOR_DEFINITIONS = (
					"$(inherited)",
					"DEBUG=1",
				);
				GCC_WARN_64_TO_32_BIT_CONVERSION = YES;
				GCC_WARN_ABOUT_RETURN_TYPE = YES_ERROR;
				GCC_WARN_UNDECLARED_SELECTOR = YES;
				GCC_WARN_UNINITIALIZED_AUTOS = YES_AGGRESSIVE;
				GCC_WARN_UNUSED_FUNCTION = YES;
				GCC_WARN_UNUSED_VARIABLE = YES;
				INFOPLIST_FILE = GardenManager/Info.plist;
				IPHONEOS_DEPLOYMENT_TARGET = 26.0;
				MTL_ENABLE_DEBUG_INFO = INCLUDE_SOURCE;
				MTL_FAST_MATH = YES;
				ONLY_ACTIVE_ARCH = YES;
				PRODUCT_NAME = "$(TARGET_NAME)";
				SDKROOT = iphoneos;
				SWIFT_ACTIVE_COMPILATION_CONDITIONS = DEBUG;
				SWIFT_OPTIMIZATION_LEVEL = "-Onone";
				SWIFT_VERSION = 6.0;
				TARGETED_DEVICE_FAMILY = "1,2";
			};
			name = Debug;
		};
		EC995564DBAFD4A5969501E0 /* Release */ = {
			isa = XCBuildConfiguration;
			buildSettings = {
				ASSETCATALOG_COMPILER_APPICON_NAME = AppIcon;
				CODE_SIGN_IDENTITY = "iPhone Developer";
				INFOPLIST_FILE = GardenManager/Info.plist;
				LD_RUNPATH_SEARCH_PATHS = (
					"$(inherited)",
					"@executable_path/Frameworks",
				);
				PRODUCT_BUNDLE_IDENTIFIER = com.gardenmanager.application;
				SDKROOT = iphoneos;
				TARGETED_DEVICE_FAMILY = "1,2";
			};
			name = Release;
		};
/* End XCBuildConfiguration section */

/* Begin XCConfigurationList section */
		913C2E941B3A4FB2A025CDA3 /* Build configuration list for PBXNativeTarget "GardenManager" */ = {
			isa = XCConfigurationList;
			buildConfigurations = (
				8067D8C84F36F7FA320A2867 /* Debug */,
				EC995564DBAFD4A5969501E0 /* Release */,
			);
			defaultConfigurationIsVisible = 0;
			defaultConfigurationName = Debug;
		};
		DE90EDFFA36AAC3CAD62F477 /* Build configuration list for PBXProject "GardenManager" */ = {
			isa = XCConfigurationList;
			buildConfigurations = (
				86021CCC0C9FD3C3552C2074 /* Debug */,
				7CC7B70EC09735548F0F3AF1 /* Release */,
			);
			defaultConfigurationIsVisible = 0;
			defaultConfigurationName = Debug;
		};
/* End XCConfigurationList section */

/* Begin XCRemoteSwiftPackageReference section */
		94CB3B18A0FC26B5F6100146 /* XCRemoteSwiftPackageReference "swift-llama-cpp" */ = {
			isa = XCRemoteSwiftPackageReference;
			repositoryURL = "https://github.com/pgorzelany/swift-llama-cpp";
			requirement = {
				kind = upToNextMajorVersion;
				minimumVersion = 1.0.0;
			};
		};
/* End XCRemoteSwiftPackageReference section */

/* Begin XCSwiftPackageProductDependency section */
		F995B001296578981A14E5AF /* SwiftLlama */ = {
			isa = XCSwiftPackageProductDependency;
			package = 94CB3B18A0FC26B5F6100146 /* XCRemoteSwiftPackageReference "swift-llama-cpp" */;
			productName = SwiftLlama;
		};
/* End XCSwiftPackageProductDependency section */
	};
	rootObject = 629BB110FCA66C5F544AC160 /* Project object */;
}
